// !$*UTF8*$!
{
	archiveVersion = 1;
	classes = {
	};
	objectVersion = 54;
	objects = {

/* Begin PBXBuildFile section */
		74493264269D0E010022D5F6 /* RegisterAccountController.swift in Sources */ = {isa = PBXBuildFile; fileRef = 74493263269D0E010022D5F6 /* RegisterAccountController.swift */; };
		74493266269D15CE0022D5F6 /* RegisterAccountScreenUI.swift in Sources */ = {isa = PBXBuildFile; fileRef = 74493265269D15CE0022D5F6 /* RegisterAccountScreenUI.swift */; };
		744CC4EB268EAF3B00F008F7 /* CryptoSwift in Frameworks */ = {isa = PBXBuildFile; productRef = 744CC4EA268EAF3B00F008F7 /* CryptoSwift */; };
		744CC4F8268EB12400F008F7 /* FirebaseFirestore in Frameworks */ = {isa = PBXBuildFile; productRef = 744CC4F7268EB12400F008F7 /* FirebaseFirestore */; };
		7466A3C1267034DE00E509C8 /* AppDelegate.swift in Sources */ = {isa = PBXBuildFile; fileRef = 7466A3C0267034DE00E509C8 /* AppDelegate.swift */; };
		7466A3C3267034DE00E509C8 /* SceneDelegate.swift in Sources */ = {isa = PBXBuildFile; fileRef = 7466A3C2267034DE00E509C8 /* SceneDelegate.swift */; };
		7466A3C5267034DE00E509C8 /* ViewController.swift in Sources */ = {isa = PBXBuildFile; fileRef = 7466A3C4267034DE00E509C8 /* ViewController.swift */; };
		7466A3C8267034DE00E509C8 /* Main.storyboard in Resources */ = {isa = PBXBuildFile; fileRef = 7466A3C6267034DE00E509C8 /* Main.storyboard */; };
		7466A3CA267034DE00E509C8 /* Assets.xcassets in Resources */ = {isa = PBXBuildFile; fileRef = 7466A3C9267034DE00E509C8 /* Assets.xcassets */; };
		7466A3CD267034DE00E509C8 /* LaunchScreen.storyboard in Resources */ = {isa = PBXBuildFile; fileRef = 7466A3CB267034DE00E509C8 /* LaunchScreen.storyboard */; };
		7466A3D52670372600E509C8 /* GoogleService-Info.plist in Resources */ = {isa = PBXBuildFile; fileRef = 7466A3D42670372600E509C8 /* GoogleService-Info.plist */; };
		74C7675D268BE546001C51CC /* LoginScreenUI.swift in Sources */ = {isa = PBXBuildFile; fileRef = 74C7675C268BE546001C51CC /* LoginScreenUI.swift */; };
		74E7738326B8720300843E77 /* HomePageVC.swift in Sources */ = {isa = PBXBuildFile; fileRef = 74E7738226B8720300843E77 /* HomePageVC.swift */; };
/* End PBXBuildFile section */

/* Begin PBXCopyFilesBuildPhase section */
		746E591B267FFDD800D4F14B /* Embed Frameworks */ = {
			isa = PBXCopyFilesBuildPhase;
			buildActionMask = 2147483647;
			dstPath = "";
			dstSubfolderSpec = 10;
			files = (
			);
			name = "Embed Frameworks";
			runOnlyForDeploymentPostprocessing = 0;
		};
/* End PBXCopyFilesBuildPhase section */

/* Begin PBXFileReference section */
		74493263269D0E010022D5F6 /* RegisterAccountController.swift */ = {isa = PBXFileReference; lastKnownFileType = sourcecode.swift; path = RegisterAccountController.swift; sourceTree = "<group>"; };
		74493265269D15CE0022D5F6 /* RegisterAccountScreenUI.swift */ = {isa = PBXFileReference; lastKnownFileType = sourcecode.swift; path = RegisterAccountScreenUI.swift; sourceTree = "<group>"; };
		74623B7F2672D8D600796889 /* CryptoSwift.framework */ = {isa = PBXFileReference; explicitFileType = wrapper.framework; path = CryptoSwift.framework; sourceTree = BUILT_PRODUCTS_DIR; };
		7466A3BD267034DE00E509C8 /* QuickDraw.app */ = {isa = PBXFileReference; explicitFileType = wrapper.application; includeInIndex = 0; path = QuickDraw.app; sourceTree = BUILT_PRODUCTS_DIR; };
		7466A3C0267034DE00E509C8 /* AppDelegate.swift */ = {isa = PBXFileReference; lastKnownFileType = sourcecode.swift; path = AppDelegate.swift; sourceTree = "<group>"; };
		7466A3C2267034DE00E509C8 /* SceneDelegate.swift */ = {isa = PBXFileReference; lastKnownFileType = sourcecode.swift; path = SceneDelegate.swift; sourceTree = "<group>"; };
		7466A3C4267034DE00E509C8 /* ViewController.swift */ = {isa = PBXFileReference; lastKnownFileType = sourcecode.swift; path = ViewController.swift; sourceTree = "<group>"; };
		7466A3C7267034DE00E509C8 /* Base */ = {isa = PBXFileReference; lastKnownFileType = file.storyboard; name = Base; path = Base.lproj/Main.storyboard; sourceTree = "<group>"; };
		7466A3C9267034DE00E509C8 /* Assets.xcassets */ = {isa = PBXFileReference; lastKnownFileType = folder.assetcatalog; path = Assets.xcassets; sourceTree = "<group>"; };
		7466A3CC267034DE00E509C8 /* Base */ = {isa = PBXFileReference; lastKnownFileType = file.storyboard; name = Base; path = Base.lproj/LaunchScreen.storyboard; sourceTree = "<group>"; };
		7466A3CE267034DE00E509C8 /* Info.plist */ = {isa = PBXFileReference; lastKnownFileType = text.plist.xml; path = Info.plist; sourceTree = "<group>"; };
		7466A3D42670372600E509C8 /* GoogleService-Info.plist */ = {isa = PBXFileReference; fileEncoding = 4; lastKnownFileType = text.plist.xml; path = "GoogleService-Info.plist"; sourceTree = "<group>"; };
		74C7675C268BE546001C51CC /* LoginScreenUI.swift */ = {isa = PBXFileReference; lastKnownFileType = sourcecode.swift; path = LoginScreenUI.swift; sourceTree = "<group>"; };
		74E7738226B8720300843E77 /* HomePageVC.swift */ = {isa = PBXFileReference; lastKnownFileType = sourcecode.swift; path = HomePageVC.swift; sourceTree = "<group>"; };
/* End PBXFileReference section */

/* Begin PBXFrameworksBuildPhase section */
		7466A3BA267034DE00E509C8 /* Frameworks */ = {
			isa = PBXFrameworksBuildPhase;
			buildActionMask = 2147483647;
			files = (
				744CC4EB268EAF3B00F008F7 /* CryptoSwift in Frameworks */,
				744CC4F8268EB12400F008F7 /* FirebaseFirestore in Frameworks */,
			);
			runOnlyForDeploymentPostprocessing = 0;
		};
/* End PBXFrameworksBuildPhase section */

/* Begin PBXGroup section */
		7466A3B4267034DE00E509C8 = {
			isa = PBXGroup;
			children = (
				7466A3BF267034DE00E509C8 /* QuickDraw */,
				7466A3BE267034DE00E509C8 /* Products */,
				A121AAA6AE9636463CC993B0 /* Frameworks */,
			);
			sourceTree = "<group>";
		};
		7466A3BE267034DE00E509C8 /* Products */ = {
			isa = PBXGroup;
			children = (
				7466A3BD267034DE00E509C8 /* QuickDraw.app */,
			);
			name = Products;
			sourceTree = "<group>";
		};
		7466A3BF267034DE00E509C8 /* QuickDraw */ = {
			isa = PBXGroup;
			children = (
				7466A3C0267034DE00E509C8 /* AppDelegate.swift */,
				7466A3C2267034DE00E509C8 /* SceneDelegate.swift */,
				7466A3C4267034DE00E509C8 /* ViewController.swift */,
				74C7675C268BE546001C51CC /* LoginScreenUI.swift */,
				74493263269D0E010022D5F6 /* RegisterAccountController.swift */,
				74493265269D15CE0022D5F6 /* RegisterAccountScreenUI.swift */,
				74E7738226B8720300843E77 /* HomePageVC.swift */,
				7466A3C6267034DE00E509C8 /* Main.storyboard */,
				7466A3C9267034DE00E509C8 /* Assets.xcassets */,
				7466A3CB267034DE00E509C8 /* LaunchScreen.storyboard */,
				7466A3CE267034DE00E509C8 /* Info.plist */,
				7466A3D42670372600E509C8 /* GoogleService-Info.plist */,
			);
			path = QuickDraw;
			sourceTree = "<group>";
		};
		A121AAA6AE9636463CC993B0 /* Frameworks */ = {
			isa = PBXGroup;
			children = (
				74623B7F2672D8D600796889 /* CryptoSwift.framework */,
			);
			name = Frameworks;
			sourceTree = "<group>";
		};
/* End PBXGroup section */

/* Begin PBXNativeTarget section */
		7466A3BC267034DE00E509C8 /* QuickDraw */ = {
			isa = PBXNativeTarget;
			buildConfigurationList = 7466A3D1267034DE00E509C8 /* Build configuration list for PBXNativeTarget "QuickDraw" */;
			buildPhases = (
				7466A3B9267034DE00E509C8 /* Sources */,
				7466A3BA267034DE00E509C8 /* Frameworks */,
				7466A3BB267034DE00E509C8 /* Resources */,
				746E591B267FFDD800D4F14B /* Embed Frameworks */,
			);
			buildRules = (
			);
			dependencies = (
			);
			name = QuickDraw;
			packageProductDependencies = (
				744CC4EA268EAF3B00F008F7 /* CryptoSwift */,
				744CC4F7268EB12400F008F7 /* FirebaseFirestore */,
			);
			productName = QuickDraw;
			productReference = 7466A3BD267034DE00E509C8 /* QuickDraw.app */;
			productType = "com.apple.product-type.application";
		};
/* End PBXNativeTarget section */

/* Begin PBXProject section */
		7466A3B5267034DE00E509C8 /* Project object */ = {
			isa = PBXProject;
			attributes = {
				LastSwiftUpdateCheck = 1250;
				LastUpgradeCheck = 1250;
				TargetAttributes = {
					7466A3BC267034DE00E509C8 = {
						CreatedOnToolsVersion = 12.5;
					};
				};
			};
			buildConfigurationList = 7466A3B8267034DE00E509C8 /* Build configuration list for PBXProject "QuickDraw" */;
			compatibilityVersion = "Xcode 12.0";
			developmentRegion = en;
			hasScannedForEncodings = 0;
			knownRegions = (
				en,
				Base,
			);
			mainGroup = 7466A3B4267034DE00E509C8;
			packageReferences = (
				744CC4E9268EAF3B00F008F7 /* XCRemoteSwiftPackageReference "CryptoSwift" */,
				744CC4F6268EB12400F008F7 /* XCRemoteSwiftPackageReference "firebase-ios-sdk" */,
			);
			productRefGroup = 7466A3BE267034DE00E509C8 /* Products */;
			projectDirPath = "";
			projectRoot = "";
			targets = (
				7466A3BC267034DE00E509C8 /* QuickDraw */,
			);
		};
/* End PBXProject section */

/* Begin PBXResourcesBuildPhase section */
		7466A3BB267034DE00E509C8 /* Resources */ = {
			isa = PBXResourcesBuildPhase;
			buildActionMask = 2147483647;
			files = (
				7466A3CD267034DE00E509C8 /* LaunchScreen.storyboard in Resources */,
				7466A3D52670372600E509C8 /* GoogleService-Info.plist in Resources */,
				7466A3CA267034DE00E509C8 /* Assets.xcassets in Resources */,
				7466A3C8267034DE00E509C8 /* Main.storyboard in Resources */,
			);
			runOnlyForDeploymentPostprocessing = 0;
		};
/* End PBXResourcesBuildPhase section */

/* Begin PBXSourcesBuildPhase section */
		7466A3B9267034DE00E509C8 /* Sources */ = {
			isa = PBXSourcesBuildPhase;
			buildActionMask = 2147483647;
			files = (
				7466A3C5267034DE00E509C8 /* ViewController.swift in Sources */,
				74C7675D268BE546001C51CC /* LoginScreenUI.swift in Sources */,
				7466A3C1267034DE00E509C8 /* AppDelegate.swift in Sources */,
				74493264269D0E010022D5F6 /* RegisterAccountController.swift in Sources */,
				74E7738326B8720300843E77 /* HomePageVC.swift in Sources */,
				74493266269D15CE0022D5F6 /* RegisterAccountScreenUI.swift in Sources */,
				7466A3C3267034DE00E509C8 /* SceneDelegate.swift in Sources */,
			);
			runOnlyForDeploymentPostprocessing = 0;
		};
/* End PBXSourcesBuildPhase section */

/* Begin PBXVariantGroup section */
		7466A3C6267034DE00E509C8 /* Main.storyboard */ = {
			isa = PBXVariantGroup;
			children = (
				7466A3C7267034DE00E509C8 /* Base */,
			);
			name = Main.storyboard;
			sourceTree = "<group>";
		};
		7466A3CB267034DE00E509C8 /* LaunchScreen.storyboard */ = {
			isa = PBXVariantGroup;
			children = (
				7466A3CC267034DE00E509C8 /* Base */,
			);
			name = LaunchScreen.storyboard;
			sourceTree = "<group>";
		};
/* End PBXVariantGroup section */

/* Begin XCBuildConfiguration section */
		7466A3CF267034DE00E509C8 /* Debug */ = {
			isa = XCBuildConfiguration;
			buildSettings = {
				ALWAYS_SEARCH_USER_PATHS = NO;
				CLANG_ANALYZER_NONNULL = YES;
				CLANG_ANALYZER_NUMBER_OBJECT_CONVERSION = YES_AGGRESSIVE;
				CLANG_CXX_LANGUAGE_STANDARD = "gnu++14";
				CLANG_CXX_LIBRARY = "libc++";
				CLANG_ENABLE_MODULES = YES;
				CLANG_ENABLE_OBJC_ARC = YES;
				CLANG_ENABLE_OBJC_WEAK = YES;
				CLANG_WARN_BLOCK_CAPTURE_AUTORELEASING = YES;
				CLANG_WARN_BOOL_CONVERSION = YES;
				CLANG_WARN_COMMA = YES;
				CLANG_WARN_CONSTANT_CONVERSION = YES;
				CLANG_WARN_DEPRECATED_OBJC_IMPLEMENTATIONS = YES;
				CLANG_WARN_DIRECT_OBJC_ISA_USAGE = YES_ERROR;
				CLANG_WARN_DOCUMENTATION_COMMENTS = YES;
				CLANG_WARN_EMPTY_BODY = YES;
				CLANG_WARN_ENUM_CONVERSION = YES;
				CLANG_WARN_INFINITE_RECURSION = YES;
				CLANG_WARN_INT_CONVERSION = YES;
				CLANG_WARN_NON_LITERAL_NULL_CONVERSION = YES;
				CLANG_WARN_OBJC_IMPLICIT_RETAIN_SELF = YES;
				CLANG_WARN_OBJC_LITERAL_CONVERSION = YES;
				CLANG_WARN_OBJC_ROOT_CLASS = YES_ERROR;
				CLANG_WARN_QUOTED_INCLUDE_IN_FRAMEWORK_HEADER = YES;
				CLANG_WARN_RANGE_LOOP_ANALYSIS = YES;
				CLANG_WARN_STRICT_PROTOTYPES = YES;
				CLANG_WARN_SUSPICIOUS_MOVE = YES;
				CLANG_WARN_UNGUARDED_AVAILABILITY = YES_AGGRESSIVE;
				CLANG_WARN_UNREACHABLE_CODE = YES;
				CLANG_WARN__DUPLICATE_METHOD_MATCH = YES;
				COPY_PHASE_STRIP = NO;
				DEBUG_INFORMATION_FORMAT = dwarf;
				ENABLE_STRICT_OBJC_MSGSEND = YES;
				ENABLE_TESTABILITY = YES;
				GCC_C_LANGUAGE_STANDARD = gnu11;
				GCC_DYNAMIC_NO_PIC = NO;
				GCC_NO_COMMON_BLOCKS = YES;
				GCC_OPTIMIZATION_LEVEL = 0;
				GCC_PREPROCESSOR_DEFINITIONS = (
					"DEBUG=1",
					"$(inherited)",
				);
				GCC_WARN_64_TO_32_BIT_CONVERSION = YES;
				GCC_WARN_ABOUT_RETURN_TYPE = YES_ERROR;
				GCC_WARN_UNDECLARED_SELECTOR = YES;
				GCC_WARN_UNINITIALIZED_AUTOS = YES_AGGRESSIVE;
				GCC_WARN_UNUSED_FUNCTION = YES;
				GCC_WARN_UNUSED_VARIABLE = YES;
				IPHONEOS_DEPLOYMENT_TARGET = 14.5;
				MTL_ENABLE_DEBUG_INFO = INCLUDE_SOURCE;
				MTL_FAST_MATH = YES;
				ONLY_ACTIVE_ARCH = YES;
				SDKROOT = iphoneos;
				SWIFT_ACTIVE_COMPILATION_CONDITIONS = DEBUG;
				SWIFT_OPTIMIZATION_LEVEL = "-Onone";
			};
			name = Debug;
		};
		7466A3D0267034DE00E509C8 /* Release */ = {
			isa = XCBuildConfiguration;
			buildSettings = {
				ALWAYS_SEARCH_USER_PATHS = NO;
				CLANG_ANALYZER_NONNULL = YES;
				CLANG_ANALYZER_NUMBER_OBJECT_CONVERSION = YES_AGGRESSIVE;
				CLANG_CXX_LANGUAGE_STANDARD = "gnu++14";
				CLANG_CXX_LIBRARY = "libc++";
				CLANG_ENABLE_MODULES = YES;
				CLANG_ENABLE_OBJC_ARC = YES;
				CLANG_ENABLE_OBJC_WEAK = YES;
				CLANG_WARN_BLOCK_CAPTURE_AUTORELEASING = YES;
				CLANG_WARN_BOOL_CONVERSION = YES;
				CLANG_WARN_COMMA = YES;
				CLANG_WARN_CONSTANT_CONVERSION = YES;
				CLANG_WARN_DEPRECATED_OBJC_IMPLEMENTATIONS = YES;
				CLANG_WARN_DIRECT_OBJC_ISA_USAGE = YES_ERROR;
				CLANG_WARN_DOCUMENTATION_COMMENTS = YES;
				CLANG_WARN_EMPTY_BODY = YES;
				CLANG_WARN_ENUM_CONVERSION = YES;
				CLANG_WARN_INFINITE_RECURSION = YES;
				CLANG_WARN_INT_CONVERSION = YES;
				CLANG_WARN_NON_LITERAL_NULL_CONVERSION = YES;
				CLANG_WARN_OBJC_IMPLICIT_RETAIN_SELF = YES;
				CLANG_WARN_OBJC_LITERAL_CONVERSION = YES;
				CLANG_WARN_OBJC_ROOT_CLASS = YES_ERROR;
				CLANG_WARN_QUOTED_INCLUDE_IN_FRAMEWORK_HEADER = YES;
				CLANG_WARN_RANGE_LOOP_ANALYSIS = YES;
				CLANG_WARN_STRICT_PROTOTYPES = YES;
				CLANG_WARN_SUSPICIOUS_MOVE = YES;
				CLANG_WARN_UNGUARDED_AVAILABILITY = YES_AGGRESSIVE;
				CLANG_WARN_UNREACHABLE_CODE = YES;
				CLANG_WARN__DUPLICATE_METHOD_MATCH = YES;
				COPY_PHASE_STRIP = NO;
				DEBUG_INFORMATION_FORMAT = "dwarf-with-dsym";
				ENABLE_NS_ASSERTIONS = NO;
				ENABLE_STRICT_OBJC_MSGSEND = YES;
				GCC_C_LANGUAGE_STANDARD = gnu11;
				GCC_NO_COMMON_BLOCKS = YES;
				GCC_WARN_64_TO_32_BIT_CONVERSION = YES;
				GCC_WARN_ABOUT_RETURN_TYPE = YES_ERROR;
				GCC_WARN_UNDECLARED_SELECTOR = YES;
				GCC_WARN_UNINITIALIZED_AUTOS = YES_AGGRESSIVE;
				GCC_WARN_UNUSED_FUNCTION = YES;
				GCC_WARN_UNUSED_VARIABLE = YES;
				IPHONEOS_DEPLOYMENT_TARGET = 14.5;
				MTL_ENABLE_DEBUG_INFO = NO;
				MTL_FAST_MATH = YES;
				SDKROOT = iphoneos;
				SWIFT_COMPILATION_MODE = wholemodule;
				SWIFT_OPTIMIZATION_LEVEL = "-O";
				VALIDATE_PRODUCT = YES;
			};
			name = Release;
		};
		7466A3D2267034DE00E509C8 /* Debug */ = {
			isa = XCBuildConfiguration;
			buildSettings = {
				ASSETCATALOG_COMPILER_APPICON_NAME = AppIcon;
				ASSETCATALOG_COMPILER_GLOBAL_ACCENT_COLOR_NAME = AccentColor;
				CODE_SIGN_STYLE = Automatic;
				DEVELOPMENT_TEAM = 4NRL53QUJW;
				INFOPLIST_FILE = QuickDraw/Info.plist;
				IPHONEOS_DEPLOYMENT_TARGET = 14.5;
				LD_RUNPATH_SEARCH_PATHS = (
					"$(inherited)",
					"@executable_path/Frameworks",
				);
				PRODUCT_BUNDLE_IDENTIFIER = com.UGLYMUG.QuickDraw;
				PRODUCT_NAME = "$(TARGET_NAME)";
				SWIFT_VERSION = 5.0;
				TARGETED_DEVICE_FAMILY = 1;
			};
			name = Debug;
		};
		7466A3D3267034DE00E509C8 /* Release */ = {
			isa = XCBuildConfiguration;
			buildSettings = {
				ASSETCATALOG_COMPILER_APPICON_NAME = AppIcon;
				ASSETCATALOG_COMPILER_GLOBAL_ACCENT_COLOR_NAME = AccentColor;
				CODE_SIGN_STYLE = Automatic;
				DEVELOPMENT_TEAM = 4NRL53QUJW;
				INFOPLIST_FILE = QuickDraw/Info.plist;
				IPHONEOS_DEPLOYMENT_TARGET = 14.5;
				LD_RUNPATH_SEARCH_PATHS = (
					"$(inherited)",
					"@executable_path/Frameworks",
				);
				PRODUCT_BUNDLE_IDENTIFIER = com.UGLYMUG.QuickDraw;
				PRODUCT_NAME = "$(TARGET_NAME)";
				SWIFT_VERSION = 5.0;
				TARGETED_DEVICE_FAMILY = 1;
			};
			name = Release;
		};
/* End XCBuildConfiguration section */

/* Begin XCConfigurationList section */
		7466A3B8267034DE00E509C8 /* Build configuration list for PBXProject "QuickDraw" */ = {
			isa = XCConfigurationList;
			buildConfigurations = (
				7466A3CF267034DE00E509C8 /* Debug */,
				7466A3D0267034DE00E509C8 /* Release */,
			);
			defaultConfigurationIsVisible = 0;
			defaultConfigurationName = Release;
		};
		7466A3D1267034DE00E509C8 /* Build configuration list for PBXNativeTarget "QuickDraw" */ = {
			isa = XCConfigurationList;
			buildConfigurations = (
				7466A3D2267034DE00E509C8 /* Debug */,
				7466A3D3267034DE00E509C8 /* Release */,
			);
			defaultConfigurationIsVisible = 0;
			defaultConfigurationName = Release;
		};
/* End XCConfigurationList section */

/* Begin XCRemoteSwiftPackageReference section */
		744CC4E9268EAF3B00F008F7 /* XCRemoteSwiftPackageReference "CryptoSwift" */ = {
			isa = XCRemoteSwiftPackageReference;
			repositoryURL = "https://github.com/krzyzanowskim/CryptoSwift.git";
			requirement = {
				kind = upToNextMajorVersion;
				minimumVersion = 1.4.0;
			};
		};
		744CC4F6268EB12400F008F7 /* XCRemoteSwiftPackageReference "firebase-ios-sdk" */ = {
			isa = XCRemoteSwiftPackageReference;
			repositoryURL = "https://github.com/firebase/firebase-ios-sdk.git";
			requirement = {
				kind = upToNextMajorVersion;
				minimumVersion = 8.2.0;
			};
		};
/* End XCRemoteSwiftPackageReference section */

/* Begin XCSwiftPackageProductDependency section */
		744CC4EA268EAF3B00F008F7 /* CryptoSwift */ = {
			isa = XCSwiftPackageProductDependency;
			package = 744CC4E9268EAF3B00F008F7 /* XCRemoteSwiftPackageReference "CryptoSwift" */;
			productName = CryptoSwift;
		};
		744CC4F7268EB12400F008F7 /* FirebaseFirestore */ = {
			isa = XCSwiftPackageProductDependency;
			package = 744CC4F6268EB12400F008F7 /* XCRemoteSwiftPackageReference "firebase-ios-sdk" */;
			productName = FirebaseFirestore;
		};
/* End XCSwiftPackageProductDependency section */
	};
	rootObject = 7466A3B5267034DE00E509C8 /* Project object */;
}
