// !$*UTF8*$!
{
	archiveVersion = 1;
	classes = {
	};
	objectVersion = 50;
	objects = {

/* Begin PBXBuildFile section */
		7461480824D220CD00ED3374 /* AppDelegate.swift in Sources */ = {isa = PBXBuildFile; fileRef = 7461480724D220CD00ED3374 /* AppDelegate.swift */; };
		7461480A24D220CD00ED3374 /* GameScene.sks in Resources */ = {isa = PBXBuildFile; fileRef = 7461480924D220CD00ED3374 /* GameScene.sks */; };
		7461480C24D220CD00ED3374 /* Actions.sks in Resources */ = {isa = PBXBuildFile; fileRef = 7461480B24D220CD00ED3374 /* Actions.sks */; };
		7461480E24D220CD00ED3374 /* GameScene.swift in Sources */ = {isa = PBXBuildFile; fileRef = 7461480D24D220CD00ED3374 /* GameScene.swift */; };
		7461481024D220CD00ED3374 /* GameViewController.swift in Sources */ = {isa = PBXBuildFile; fileRef = 7461480F24D220CD00ED3374 /* GameViewController.swift */; };
		7461481324D220CD00ED3374 /* Main.storyboard in Resources */ = {isa = PBXBuildFile; fileRef = 7461481124D220CD00ED3374 /* Main.storyboard */; };
		7461481524D220D000ED3374 /* Assets.xcassets in Resources */ = {isa = PBXBuildFile; fileRef = 7461481424D220D000ED3374 /* Assets.xcassets */; };
		7461481824D220D000ED3374 /* LaunchScreen.storyboard in Resources */ = {isa = PBXBuildFile; fileRef = 7461481624D220D000ED3374 /* LaunchScreen.storyboard */; };
		7461482324D220D000ED3374 /* checkersTests.swift in Sources */ = {isa = PBXBuildFile; fileRef = 7461482224D220D000ED3374 /* checkersTests.swift */; };
/* End PBXBuildFile section */

/* Begin PBXContainerItemProxy section */
		7461481F24D220D000ED3374 /* PBXContainerItemProxy */ = {
			isa = PBXContainerItemProxy;
			containerPortal = 746147FC24D220CD00ED3374 /* Project object */;
			proxyType = 1;
			remoteGlobalIDString = 7461480324D220CD00ED3374;
			remoteInfo = checkers;
		};
/* End PBXContainerItemProxy section */

/* Begin PBXFileReference section */
		7461480424D220CD00ED3374 /* checkers.app */ = {isa = PBXFileReference; explicitFileType = wrapper.application; includeInIndex = 0; path = checkers.app; sourceTree = BUILT_PRODUCTS_DIR; };
		7461480724D220CD00ED3374 /* AppDelegate.swift */ = {isa = PBXFileReference; lastKnownFileType = sourcecode.swift; path = AppDelegate.swift; sourceTree = "<group>"; };
		7461480924D220CD00ED3374 /* GameScene.sks */ = {isa = PBXFileReference; lastKnownFileType = file.sks; path = GameScene.sks; sourceTree = "<group>"; };
		7461480B24D220CD00ED3374 /* Actions.sks */ = {isa = PBXFileReference; lastKnownFileType = file.sks; path = Actions.sks; sourceTree = "<group>"; };
		7461480D24D220CD00ED3374 /* GameScene.swift */ = {isa = PBXFileReference; lastKnownFileType = sourcecode.swift; path = GameScene.swift; sourceTree = "<group>"; };
		7461480F24D220CD00ED3374 /* GameViewController.swift */ = {isa = PBXFileReference; lastKnownFileType = sourcecode.swift; path = GameViewController.swift; sourceTree = "<group>"; };
		7461481224D220CD00ED3374 /* Base */ = {isa = PBXFileReference; lastKnownFileType = file.storyboard; name = Base; path = Base.lproj/Main.storyboard; sourceTree = "<group>"; };
		7461481424D220D000ED3374 /* Assets.xcassets */ = {isa = PBXFileReference; lastKnownFileType = folder.assetcatalog; path = Assets.xcassets; sourceTree = "<group>"; };
		7461481724D220D000ED3374 /* Base */ = {isa = PBXFileReference; lastKnownFileType = file.storyboard; name = Base; path = Base.lproj/LaunchScreen.storyboard; sourceTree = "<group>"; };
		7461481924D220D000ED3374 /* Info.plist */ = {isa = PBXFileReference; lastKnownFileType = text.plist.xml; path = Info.plist; sourceTree = "<group>"; };
		7461481E24D220D000ED3374 /* checkersTests.xctest */ = {isa = PBXFileReference; explicitFileType = wrapper.cfbundle; includeInIndex = 0; path = checkersTests.xctest; sourceTree = BUILT_PRODUCTS_DIR; };
		7461482224D220D000ED3374 /* checkersTests.swift */ = {isa = PBXFileReference; lastKnownFileType = sourcecode.swift; path = checkersTests.swift; sourceTree = "<group>"; };
		7461482424D220D000ED3374 /* Info.plist */ = {isa = PBXFileReference; lastKnownFileType = text.plist.xml; path = Info.plist; sourceTree = "<group>"; };
/* End PBXFileReference section */

/* Begin PBXFrameworksBuildPhase section */
		7461480124D220CD00ED3374 /* Frameworks */ = {
			isa = PBXFrameworksBuildPhase;
			buildActionMask = 2147483647;
			files = (
			);
			runOnlyForDeploymentPostprocessing = 0;
		};
		7461481B24D220D000ED3374 /* Frameworks */ = {
			isa = PBXFrameworksBuildPhase;
			buildActionMask = 2147483647;
			files = (
			);
			runOnlyForDeploymentPostprocessing = 0;
		};
/* End PBXFrameworksBuildPhase section */

/* Begin PBXGroup section */
		746147FB24D220CD00ED3374 = {
			isa = PBXGroup;
			children = (
				7461480624D220CD00ED3374 /* checkers */,
				7461482124D220D000ED3374 /* checkersTests */,
				7461480524D220CD00ED3374 /* Products */,
			);
			sourceTree = "<group>";
		};
		7461480524D220CD00ED3374 /* Products */ = {
			isa = PBXGroup;
			children = (
				7461480424D220CD00ED3374 /* checkers.app */,
				7461481E24D220D000ED3374 /* checkersTests.xctest */,
			);
			name = Products;
			sourceTree = "<group>";
		};
		7461480624D220CD00ED3374 /* checkers */ = {
			isa = PBXGroup;
			children = (
				7461480724D220CD00ED3374 /* AppDelegate.swift */,
				7461480924D220CD00ED3374 /* GameScene.sks */,
				7461480B24D220CD00ED3374 /* Actions.sks */,
				7461480D24D220CD00ED3374 /* GameScene.swift */,
				7461480F24D220CD00ED3374 /* GameViewController.swift */,
				7461481124D220CD00ED3374 /* Main.storyboard */,
				7461481424D220D000ED3374 /* Assets.xcassets */,
				7461481624D220D000ED3374 /* LaunchScreen.storyboard */,
				7461481924D220D000ED3374 /* Info.plist */,
			);
			path = checkers;
			sourceTree = "<group>";
		};
		7461482124D220D000ED3374 /* checkersTests */ = {
			isa = PBXGroup;
			children = (
				7461482224D220D000ED3374 /* checkersTests.swift */,
				7461482424D220D000ED3374 /* Info.plist */,
			);
			path = checkersTests;
			sourceTree = "<group>";
		};
/* End PBXGroup section */

/* Begin PBXNativeTarget section */
		7461480324D220CD00ED3374 /* checkers */ = {
			isa = PBXNativeTarget;
			buildConfigurationList = 7461482724D220D000ED3374 /* Build configuration list for PBXNativeTarget "checkers" */;
			buildPhases = (
				7461480024D220CD00ED3374 /* Sources */,
				7461480124D220CD00ED3374 /* Frameworks */,
				7461480224D220CD00ED3374 /* Resources */,
			);
			buildRules = (
			);
			dependencies = (
			);
			name = checkers;
			productName = checkers;
			productReference = 7461480424D220CD00ED3374 /* checkers.app */;
			productType = "com.apple.product-type.application";
		};
		7461481D24D220D000ED3374 /* checkersTests */ = {
			isa = PBXNativeTarget;
			buildConfigurationList = 7461482A24D220D000ED3374 /* Build configuration list for PBXNativeTarget "checkersTests" */;
			buildPhases = (
				7461481A24D220D000ED3374 /* Sources */,
				7461481B24D220D000ED3374 /* Frameworks */,
				7461481C24D220D000ED3374 /* Resources */,
			);
			buildRules = (
			);
			dependencies = (
				7461482024D220D000ED3374 /* PBXTargetDependency */,
			);
			name = checkersTests;
			productName = checkersTests;
			productReference = 7461481E24D220D000ED3374 /* checkersTests.xctest */;
			productType = "com.apple.product-type.bundle.unit-test";
		};
/* End PBXNativeTarget section */

/* Begin PBXProject section */
		746147FC24D220CD00ED3374 /* Project object */ = {
			isa = PBXProject;
			attributes = {
				LastSwiftUpdateCheck = 1160;
				LastUpgradeCheck = 1160;
				ORGANIZATIONNAME = UGLYMUG;
				TargetAttributes = {
					7461480324D220CD00ED3374 = {
						CreatedOnToolsVersion = 11.6;
					};
					7461481D24D220D000ED3374 = {
						CreatedOnToolsVersion = 11.6;
						TestTargetID = 7461480324D220CD00ED3374;
					};
				};
			};
			buildConfigurationList = 746147FF24D220CD00ED3374 /* Build configuration list for PBXProject "checkers" */;
			compatibilityVersion = "Xcode 9.3";
			developmentRegion = en;
			hasScannedForEncodings = 0;
			knownRegions = (
				en,
				Base,
			);
			mainGroup = 746147FB24D220CD00ED3374;
			productRefGroup = 7461480524D220CD00ED3374 /* Products */;
			projectDirPath = "";
			projectRoot = "";
			targets = (
				7461480324D220CD00ED3374 /* checkers */,
				7461481D24D220D000ED3374 /* checkersTests */,
			);
		};
/* End PBXProject section */

/* Begin PBXResourcesBuildPhase section */
		7461480224D220CD00ED3374 /* Resources */ = {
			isa = PBXResourcesBuildPhase;
			buildActionMask = 2147483647;
			files = (
				7461481324D220CD00ED3374 /* Main.storyboard in Resources */,
				7461480A24D220CD00ED3374 /* GameScene.sks in Resources */,
				7461481524D220D000ED3374 /* Assets.xcassets in Resources */,
				7461481824D220D000ED3374 /* LaunchScreen.storyboard in Resources */,
				7461480C24D220CD00ED3374 /* Actions.sks in Resources */,
			);
			runOnlyForDeploymentPostprocessing = 0;
		};
		7461481C24D220D000ED3374 /* Resources */ = {
			isa = PBXResourcesBuildPhase;
			buildActionMask = 2147483647;
			files = (
			);
			runOnlyForDeploymentPostprocessing = 0;
		};
/* End PBXResourcesBuildPhase section */

/* Begin PBXSourcesBuildPhase section */
		7461480024D220CD00ED3374 /* Sources */ = {
			isa = PBXSourcesBuildPhase;
			buildActionMask = 2147483647;
			files = (
				7461480E24D220CD00ED3374 /* GameScene.swift in Sources */,
				7461481024D220CD00ED3374 /* GameViewController.swift in Sources */,
				7461480824D220CD00ED3374 /* AppDelegate.swift in Sources */,
			);
			runOnlyForDeploymentPostprocessing = 0;
		};
		7461481A24D220D000ED3374 /* Sources */ = {
			isa = PBXSourcesBuildPhase;
			buildActionMask = 2147483647;
			files = (
				7461482324D220D000ED3374 /* checkersTests.swift in Sources */,
			);
			runOnlyForDeploymentPostprocessing = 0;
		};
/* End PBXSourcesBuildPhase section */

/* Begin PBXTargetDependency section */
		7461482024D220D000ED3374 /* PBXTargetDependency */ = {
			isa = PBXTargetDependency;
			target = 7461480324D220CD00ED3374 /* checkers */;
			targetProxy = 7461481F24D220D000ED3374 /* PBXContainerItemProxy */;
		};
/* End PBXTargetDependency section */

/* Begin PBXVariantGroup section */
		7461481124D220CD00ED3374 /* Main.storyboard */ = {
			isa = PBXVariantGroup;
			children = (
				7461481224D220CD00ED3374 /* Base */,
			);
			name = Main.storyboard;
			sourceTree = "<group>";
		};
		7461481624D220D000ED3374 /* LaunchScreen.storyboard */ = {
			isa = PBXVariantGroup;
			children = (
				7461481724D220D000ED3374 /* Base */,
			);
			name = LaunchScreen.storyboard;
			sourceTree = "<group>";
		};
/* End PBXVariantGroup section */

/* Begin XCBuildConfiguration section */
		7461482524D220D000ED3374 /* Debug */ = {
			isa = XCBuildConfiguration;
			buildSettings = {
				ALWAYS_SEARCH_USER_PATHS = NO;
				CLANG_ANALYZER_NONNULL = YES;
				CLANG_ANALYZER_NUMBER_OBJECT_CONVERSION = YES_AGGRESSIVE;
				CLANG_CXX_LANGUAGE_STANDARD = "gnu++14";
				CLANG_CXX_LIBRARY = "libc++";
				CLANG_ENABLE_MODULES = YES;
				CLANG_ENABLE_OBJC_ARC = YES;
				CLANG_ENABLE_OBJC_WEAK = YES;
				CLANG_WARN_BLOCK_CAPTURE_AUTORELEASING = YES;
				CLANG_WARN_BOOL_CONVERSION = YES;
				CLANG_WARN_COMMA = YES;
				CLANG_WARN_CONSTANT_CONVERSION = YES;
				CLANG_WARN_DEPRECATED_OBJC_IMPLEMENTATIONS = YES;
				CLANG_WARN_DIRECT_OBJC_ISA_USAGE = YES_ERROR;
				CLANG_WARN_DOCUMENTATION_COMMENTS = YES;
				CLANG_WARN_EMPTY_BODY = YES;
				CLANG_WARN_ENUM_CONVERSION = YES;
				CLANG_WARN_INFINITE_RECURSION = YES;
				CLANG_WARN_INT_CONVERSION = YES;
				CLANG_WARN_NON_LITERAL_NULL_CONVERSION = YES;
				CLANG_WARN_OBJC_IMPLICIT_RETAIN_SELF = YES;
				CLANG_WARN_OBJC_LITERAL_CONVERSION = YES;
				CLANG_WARN_OBJC_ROOT_CLASS = YES_ERROR;
				CLANG_WARN_RANGE_LOOP_ANALYSIS = YES;
				CLANG_WARN_STRICT_PROTOTYPES = YES;
				CLANG_WARN_SUSPICIOUS_MOVE = YES;
				CLANG_WARN_UNGUARDED_AVAILABILITY = YES_AGGRESSIVE;
				CLANG_WARN_UNREACHABLE_CODE = YES;
				CLANG_WARN__DUPLICATE_METHOD_MATCH = YES;
				COPY_PHASE_STRIP = NO;
				DEBUG_INFORMATION_FORMAT = dwarf;
				ENABLE_STRICT_OBJC_MSGSEND = YES;
				ENABLE_TESTABILITY = YES;
				GCC_C_LANGUAGE_STANDARD = gnu11;
				GCC_DYNAMIC_NO_PIC = NO;
				GCC_NO_COMMON_BLOCKS = YES;
				GCC_OPTIMIZATION_LEVEL = 0;
				GCC_PREPROCESSOR_DEFINITIONS = (
					"DEBUG=1",
					"$(inherited)",
				);
				GCC_WARN_64_TO_32_BIT_CONVERSION = YES;
				GCC_WARN_ABOUT_RETURN_TYPE = YES_ERROR;
				GCC_WARN_UNDECLARED_SELECTOR = YES;
				GCC_WARN_UNINITIALIZED_AUTOS = YES_AGGRESSIVE;
				GCC_WARN_UNUSED_FUNCTION = YES;
				GCC_WARN_UNUSED_VARIABLE = YES;
				IPHONEOS_DEPLOYMENT_TARGET = 13.6;
				MTL_ENABLE_DEBUG_INFO = INCLUDE_SOURCE;
				MTL_FAST_MATH = YES;
				ONLY_ACTIVE_ARCH = YES;
				SDKROOT = iphoneos;
				SWIFT_ACTIVE_COMPILATION_CONDITIONS = DEBUG;
				SWIFT_OPTIMIZATION_LEVEL = "-Onone";
			};
			name = Debug;
		};
		7461482624D220D000ED3374 /* Release */ = {
			isa = XCBuildConfiguration;
			buildSettings = {
				ALWAYS_SEARCH_USER_PATHS = NO;
				CLANG_ANALYZER_NONNULL = YES;
				CLANG_ANALYZER_NUMBER_OBJECT_CONVERSION = YES_AGGRESSIVE;
				CLANG_CXX_LANGUAGE_STANDARD = "gnu++14";
				CLANG_CXX_LIBRARY = "libc++";
				CLANG_ENABLE_MODULES = YES;
				CLANG_ENABLE_OBJC_ARC = YES;
				CLANG_ENABLE_OBJC_WEAK = YES;
				CLANG_WARN_BLOCK_CAPTURE_AUTORELEASING = YES;
				CLANG_WARN_BOOL_CONVERSION = YES;
				CLANG_WARN_COMMA = YES;
				CLANG_WARN_CONSTANT_CONVERSION = YES;
				CLANG_WARN_DEPRECATED_OBJC_IMPLEMENTATIONS = YES;
				CLANG_WARN_DIRECT_OBJC_ISA_USAGE = YES_ERROR;
				CLANG_WARN_DOCUMENTATION_COMMENTS = YES;
				CLANG_WARN_EMPTY_BODY = YES;
				CLANG_WARN_ENUM_CONVERSION = YES;
				CLANG_WARN_INFINITE_RECURSION = YES;
				CLANG_WARN_INT_CONVERSION = YES;
				CLANG_WARN_NON_LITERAL_NULL_CONVERSION = YES;
				CLANG_WARN_OBJC_IMPLICIT_RETAIN_SELF = YES;
				CLANG_WARN_OBJC_LITERAL_CONVERSION = YES;
				CLANG_WARN_OBJC_ROOT_CLASS = YES_ERROR;
				CLANG_WARN_RANGE_LOOP_ANALYSIS = YES;
				CLANG_WARN_STRICT_PROTOTYPES = YES;
				CLANG_WARN_SUSPICIOUS_MOVE = YES;
				CLANG_WARN_UNGUARDED_AVAILABILITY = YES_AGGRESSIVE;
				CLANG_WARN_UNREACHABLE_CODE = YES;
				CLANG_WARN__DUPLICATE_METHOD_MATCH = YES;
				COPY_PHASE_STRIP = NO;
				DEBUG_INFORMATION_FORMAT = "dwarf-with-dsym";
				ENABLE_NS_ASSERTIONS = NO;
				ENABLE_STRICT_OBJC_MSGSEND = YES;
				GCC_C_LANGUAGE_STANDARD = gnu11;
				GCC_NO_COMMON_BLOCKS = YES;
				GCC_WARN_64_TO_32_BIT_CONVERSION = YES;
				GCC_WARN_ABOUT_RETURN_TYPE = YES_ERROR;
				GCC_WARN_UNDECLARED_SELECTOR = YES;
				GCC_WARN_UNINITIALIZED_AUTOS = YES_AGGRESSIVE;
				GCC_WARN_UNUSED_FUNCTION = YES;
				GCC_WARN_UNUSED_VARIABLE = YES;
				IPHONEOS_DEPLOYMENT_TARGET = 13.6;
				MTL_ENABLE_DEBUG_INFO = NO;
				MTL_FAST_MATH = YES;
				SDKROOT = iphoneos;
				SWIFT_COMPILATION_MODE = wholemodule;
				SWIFT_OPTIMIZATION_LEVEL = "-O";
				VALIDATE_PRODUCT = YES;
			};
			name = Release;
		};
		7461482824D220D000ED3374 /* Debug */ = {
			isa = XCBuildConfiguration;
			buildSettings = {
				ASSETCATALOG_COMPILER_APPICON_NAME = AppIcon;
				CODE_SIGN_STYLE = Automatic;
				DEVELOPMENT_TEAM = 4NRL53QUJW;
				INFOPLIST_FILE = checkers/Info.plist;
				LD_RUNPATH_SEARCH_PATHS = (
					"$(inherited)",
					"@executable_path/Frameworks",
				);
				PRODUCT_BUNDLE_IDENTIFIER = com.UGLYMUG.checkers;
				PRODUCT_NAME = "$(TARGET_NAME)";
				SWIFT_VERSION = 5.0;
				TARGETED_DEVICE_FAMILY = "1,2";
			};
			name = Debug;
		};
		7461482924D220D000ED3374 /* Release */ = {
			isa = XCBuildConfiguration;
			buildSettings = {
				ASSETCATALOG_COMPILER_APPICON_NAME = AppIcon;
				CODE_SIGN_STYLE = Automatic;
				DEVELOPMENT_TEAM = 4NRL53QUJW;
				INFOPLIST_FILE = checkers/Info.plist;
				LD_RUNPATH_SEARCH_PATHS = (
					"$(inherited)",
					"@executable_path/Frameworks",
				);
				PRODUCT_BUNDLE_IDENTIFIER = com.UGLYMUG.checkers;
				PRODUCT_NAME = "$(TARGET_NAME)";
				SWIFT_VERSION = 5.0;
				TARGETED_DEVICE_FAMILY = "1,2";
			};
			name = Release;
		};
		7461482B24D220D000ED3374 /* Debug */ = {
			isa = XCBuildConfiguration;
			buildSettings = {
				ALWAYS_EMBED_SWIFT_STANDARD_LIBRARIES = YES;
				BUNDLE_LOADER = "$(TEST_HOST)";
				CODE_SIGN_STYLE = Automatic;
				DEVELOPMENT_TEAM = 4NRL53QUJW;
				INFOPLIST_FILE = checkersTests/Info.plist;
				IPHONEOS_DEPLOYMENT_TARGET = 13.6;
				LD_RUNPATH_SEARCH_PATHS = (
					"$(inherited)",
					"@executable_path/Frameworks",
					"@loader_path/Frameworks",
				);
				PRODUCT_BUNDLE_IDENTIFIER = com.UGLYMUG.checkersTests;
				PRODUCT_NAME = "$(TARGET_NAME)";
				SWIFT_VERSION = 5.0;
				TARGETED_DEVICE_FAMILY = "1,2";
				TEST_HOST = "$(BUILT_PRODUCTS_DIR)/checkers.app/checkers";
			};
			name = Debug;
		};
		7461482C24D220D000ED3374 /* Release */ = {
			isa = XCBuildConfiguration;
			buildSettings = {
				ALWAYS_EMBED_SWIFT_STANDARD_LIBRARIES = YES;
				BUNDLE_LOADER = "$(TEST_HOST)";
				CODE_SIGN_STYLE = Automatic;
				DEVELOPMENT_TEAM = 4NRL53QUJW;
				INFOPLIST_FILE = checkersTests/Info.plist;
				IPHONEOS_DEPLOYMENT_TARGET = 13.6;
				LD_RUNPATH_SEARCH_PATHS = (
					"$(inherited)",
					"@executable_path/Frameworks",
					"@loader_path/Frameworks",
				);
				PRODUCT_BUNDLE_IDENTIFIER = com.UGLYMUG.checkersTests;
				PRODUCT_NAME = "$(TARGET_NAME)";
				SWIFT_VERSION = 5.0;
				TARGETED_DEVICE_FAMILY = "1,2";
				TEST_HOST = "$(BUILT_PRODUCTS_DIR)/checkers.app/checkers";
			};
			name = Release;
		};
/* End XCBuildConfiguration section */

/* Begin XCConfigurationList section */
		746147FF24D220CD00ED3374 /* Build configuration list for PBXProject "checkers" */ = {
			isa = XCConfigurationList;
			buildConfigurations = (
				7461482524D220D000ED3374 /* Debug */,
				7461482624D220D000ED3374 /* Release */,
			);
			defaultConfigurationIsVisible = 0;
			defaultConfigurationName = Release;
		};
		7461482724D220D000ED3374 /* Build configuration list for PBXNativeTarget "checkers" */ = {
			isa = XCConfigurationList;
			buildConfigurations = (
				7461482824D220D000ED3374 /* Debug */,
				7461482924D220D000ED3374 /* Release */,
			);
			defaultConfigurationIsVisible = 0;
			defaultConfigurationName = Release;
		};
		7461482A24D220D000ED3374 /* Build configuration list for PBXNativeTarget "checkersTests" */ = {
			isa = XCConfigurationList;
			buildConfigurations = (
				7461482B24D220D000ED3374 /* Debug */,
				7461482C24D220D000ED3374 /* Release */,
			);
			defaultConfigurationIsVisible = 0;
			defaultConfigurationName = Release;
		};
/* End XCConfigurationList section */
	};
	rootObject = 746147FC24D220CD00ED3374 /* Project object */;
}
